# This file is autogenerated, do not edit; changes may be undone by the next 'dep ensure'.


[[projects]]
  branch = "master"
  name = "github.com/AgileBits/go-redis-queue"
  packages = ["redisqueue"]
  revision = "9f5b2cbf79fef25686eb2555fd18b8ff50e5bac2"

[[projects]]
  name = "github.com/garyburd/redigo"
  packages = [
    "internal",
    "redis"
  ]
  revision = "a69d19351219b6dd56f274f96d85a7014a2ec34e"
  version = "v1.6.0"

[solve-meta]
  analyzer-name = "dep"
  analyzer-version = 1
  inputs-digest = "4e465eecbfdce3354b385cb75ad9697f7555b06685a5ab1a3e66ab911de87168"
  solver-name = "gps-cdcl"
  solver-version = 1
